# THIS IS AN AUTOGENERATED FILE. DO NOT EDIT THIS FILE DIRECTLY.
# yarn lockfile v1


"@tweenjs/tween.js@^18.5.0":
  version "18.5.0"
  resolved "https://registry.yarnpkg.com/@tweenjs/tween.js/-/tween.js-18.5.0.tgz#f2aa9e6052c6a314d85c9a8034146f9ae6d4e339"
  integrity sha512-/qyhdvbc6vWsFuiK7Wq74ZMu1F/9sFRlBv2qnjeu70XI0HRC8zOfUqbXT2irVLCSVuCI/fI7HphGdbsbyQ/Q5w==

"@types/tween.js@^17.2.0":
  version "17.2.0"
  resolved "https://registry.yarnpkg.com/@types/tween.js/-/tween.js-17.2.0.tgz#25f98311daecb165ab91ee2cd7f17a9b1e6cc30c"
  integrity sha512-mOsqurEtFEzwgkVc/jDVE2XrjZBYTbrmDUyCr9GXmnfc6q5otokxFtKvSY/B21zgz9LVRIvRTawKczjKi57wrA==

three-fly-controls@^2.0.0:
  version "2.0.0"
  resolved "https://registry.yarnpkg.com/three-fly-controls/-/three-fly-controls-2.0.0.tgz#fc2e4d38a786ef3b1a035a03c39de075f8d4263d"
  integrity sha512-0Ef+gtqprBBo8/7CRB0r4rLM02Y7GjUBeQ36D1G63nRQGXgBrh1H/yMUWRDz5586Z0bdzg+STUhiv8kSmPD58w==

three@^0.112.1:
  version "0.112.1"
  resolved "https://registry.yarnpkg.com/three/-/three-0.112.1.tgz#f8d8f4d0f8e5f753dac6260491b8209457fdc131"
  integrity sha512-8I0O74hiYtKl3LgDNcPJbBGOlpekbcJ6fJnImmW3mFdeUFJ2H9Y3/UuUSW2sBdjrIlCM0gvOkaTEFlofO900TQ==

typescript@^3.7.5:
  version "3.7.5"
  resolved "https://registry.yarnpkg.com/typescript/-/typescript-3.7.5.tgz#0692e21f65fd4108b9330238aac11dd2e177a1ae"
  integrity sha512-/P5lkRXkWHNAbcJIiHPfRoKqyd7bsyCma1hZNUGfn20qm64T6ZBlrzprymeu918H+mB/0rIg2gGK/BXkhhYgBw==
