{
  "name": "PingTester",
  "version": "1.0.0",
  "lockfileVersion": 1,
  "requires": true,
  "dependencies": {
    "ping": {
      "version": "0.2.3",
      "resolved": "https://registry.npmjs.org/ping/-/ping-0.2.3.tgz",
      "integrity": "sha512-UiwPl9kpzYIE0iz+EUSjISoVCyg44YckaT3BQ60j4xYuRrxGKH4w3ICSyw6xe3va2zgzD9T0yB8h220PM0Elhg==",
      "requires": {
        "q": "1.x",
        "underscore": "^1.8.3"
      }
    },
    "q": {
      "version": "1.5.1",
      "resolved": "https://registry.npmjs.org/q/-/q-1.5.1.tgz",
      "integrity": "sha1-fjL3W0E4EpHQRhHxvxQQmsAGUdc="
    },
    "underscore": {
      "version": "1.11.0",
      "resolved": "https://registry.npmjs.org/underscore/-/underscore-1.11.0.tgz",
      "integrity": "sha512-xY96SsN3NA461qIRKZ/+qox37YXPtSBswMGfiNptr+wrt6ds4HaMw23TP612fEyGekRE6LNRiLYr/aqbHXNedw=="
    }
  }
}
