{
  "name": "mobxtest",
  "version": "1.0.0",
  "lockfileVersion": 1,
  "requires": true,
  "dependencies": {
    "@types/node": {
      "version": "12.6.8",
      "resolved": "https://registry.npmjs.org/@types/node/-/node-12.6.8.tgz",
      "integrity": "sha512-aX+gFgA5GHcDi89KG5keey2zf0WfZk/HAQotEamsK2kbey+8yGKcson0hbK8E+v0NArlCJQCqMP161YhV6ZXLg=="
    },
    "mobx": {
      "version": "5.13.0",
      "resolved": "https://registry.npmjs.org/mobx/-/mobx-5.13.0.tgz",
      "integrity": "sha512-eSAntMSMNj0PFL705rgv+aB/z1RjNqDnFEpBe18yQVreXTWiVgIrmBUXzjnJfuba+eo4eAk6zi+/gXQkSUea8A=="
    }
  }
}
