# THIS IS AN AUTOGENERATED FILE. DO NOT EDIT THIS FILE DIRECTLY.
# yarn lockfile v1


"@types/node@^12.6.8":
  version "12.6.8"
  resolved "https://registry.yarnpkg.com/@types/node/-/node-12.6.8.tgz#e469b4bf9d1c9832aee4907ba8a051494357c12c"
  integrity sha512-aX+gFgA5GHcDi89KG5keey2zf0WfZk/HAQotEamsK2kbey+8yGKcson0hbK8E+v0NArlCJQCqMP161YhV6ZXLg==

"@types/p5@^0.7.3":
  version "0.7.3"
  resolved "https://registry.yarnpkg.com/@types/p5/-/p5-0.7.3.tgz#19a666820b17b5dbf2c78331d13e617fe5f30631"
  integrity sha512-VXkm/JpR5bNKHVW5wkg0thyjoMjGU7CtGKvPaoQts/nXwEmJC7vnLozkJrYDUKZr0ILGhE1ZqZJ8/nxXbk6dlw==

p5@^0.9.0:
  version "0.9.0"
  resolved "https://registry.yarnpkg.com/p5/-/p5-0.9.0.tgz#a4431bf2a0ff6ede06e2c512faddb495c3332504"
  integrity sha512-N8FzKr9SKofl4f+d9g6oYDRk5JOYgY1bIhCInzNxW7khc1zk7whQIOhaHeijSslfN3rJYfWso6Fn3O/w+TCwLg==
